
Microsoft Visual Studio Solution File, Format Version 12.00
# Visual Studio Version 17
VisualStudioVersion = 17.10.34928.147
MinimumVisualStudioVersion = 10.0.40219.1
Project("{FAE04EC0-301F-11D3-BF4B-00C04F79EFBC}") = "api", "api.csproj", "{DBF9C8D2-DA9E-46D3-B003-2E9FE0B6212B}"
EndProject
Global
	GlobalSection(SolutionConfigurationPlatforms) = preSolution
		Debug|Any CPU = Debug|Any CPU
		Release|Any CPU = Release|Any CPU
	EndGlobalSection
	GlobalSection(ProjectConfigurationPlatforms) = postSolution
		{DBF9C8D2-DA9E-46D3-B003-2E9FE0B6212B}.Debug|Any CPU.ActiveCfg = Debug|Any CPU
		{DBF9C8D2-DA9E-46D3-B003-2E9FE0B6212B}.Debug|Any CPU.Build.0 = Debug|Any CPU
		{DBF9C8D2-DA9E-46D3-B003-2E9FE0B6212B}.Release|Any CPU.ActiveCfg = Release|Any CPU
		{DBF9C8D2-DA9E-46D3-B003-2E9FE0B6212B}.Release|Any CPU.Build.0 = Release|Any CPU
	EndGlobalSection
	GlobalSection(SolutionProperties) = preSolution
		HideSolutionNode = FALSE
	EndGlobalSection
	GlobalSection(ExtensibilityGlobals) = postSolution
		SolutionGuid = {7C36B3E7-6626-4852-9B4F-044176927A88}
	EndGlobalSection
EndGlobal
